// !$*UTF8*$!
{
	archiveVersion = 1;
	classes = {
	};
	objectVersion = 48;
	objects = {

/* Begin PBXBuildFile section */
		06D0A1B7691156C9FB52999C /* Pods_DataSetAppTests.framework in Frameworks */ = {isa = PBXBuildFile; fileRef = 49EA5EA5875246E32C9ABF3B /* Pods_DataSetAppTests.framework */; };
		A4C15EA921C618FE003D539B /* SPHResponseModelFields.swift in Sources */ = {isa = PBXBuildFile; fileRef = A4C15EA421C618FD003D539B /* SPHResponseModelFields.swift */; };
		A4C15EAA21C618FE003D539B /* SPHResponseModelRecords.swift in Sources */ = {isa = PBXBuildFile; fileRef = A4C15EA521C618FD003D539B /* SPHResponseModelRecords.swift */; };
		A4C15EAB21C618FE003D539B /* SPHResponseModelResult.swift in Sources */ = {isa = PBXBuildFile; fileRef = A4C15EA621C618FE003D539B /* SPHResponseModelResult.swift */; };
		A4C15EAC21C618FE003D539B /* SPHResponseModelBase.swift in Sources */ = {isa = PBXBuildFile; fileRef = A4C15EA721C618FE003D539B /* SPHResponseModelBase.swift */; };
		A4C15EAD21C618FE003D539B /* SPHResponseModelLinks.swift in Sources */ = {isa = PBXBuildFile; fileRef = A4C15EA821C618FE003D539B /* SPHResponseModelLinks.swift */; };
		A4C15EB221C727CE003D539B /* SPHMobileDataYearlyModel.swift in Sources */ = {isa = PBXBuildFile; fileRef = A4C15EB121C727CE003D539B /* SPHMobileDataYearlyModel.swift */; };
		A4C15EB421C7322F003D539B /* MobileDataYearlyCellViewModel.swift in Sources */ = {isa = PBXBuildFile; fileRef = A4C15EB321C7322F003D539B /* MobileDataYearlyCellViewModel.swift */; };
		A4C15EB921C73322003D539B /* SPHYearlyTableViewCell.swift in Sources */ = {isa = PBXBuildFile; fileRef = A4C15EB721C73322003D539B /* SPHYearlyTableViewCell.swift */; };
		A4C15EBA21C73322003D539B /* SPHYearlyTableViewCell.xib in Resources */ = {isa = PBXBuildFile; fileRef = A4C15EB821C73322003D539B /* SPHYearlyTableViewCell.xib */; };
		A4FF43F521C4D4C400936983 /* AppDelegate.swift in Sources */ = {isa = PBXBuildFile; fileRef = A4FF43F421C4D4C400936983 /* AppDelegate.swift */; };
		A4FF43F721C4D4C400936983 /* ViewController.swift in Sources */ = {isa = PBXBuildFile; fileRef = A4FF43F621C4D4C400936983 /* ViewController.swift */; };
		A4FF43FA21C4D4C400936983 /* Main.storyboard in Resources */ = {isa = PBXBuildFile; fileRef = A4FF43F821C4D4C400936983 /* Main.storyboard */; };
		A4FF43FC21C4D4C500936983 /* Assets.xcassets in Resources */ = {isa = PBXBuildFile; fileRef = A4FF43FB21C4D4C500936983 /* Assets.xcassets */; };
		A4FF43FF21C4D4C500936983 /* LaunchScreen.storyboard in Resources */ = {isa = PBXBuildFile; fileRef = A4FF43FD21C4D4C500936983 /* LaunchScreen.storyboard */; };
		A4FF441A21C5FE7C00936983 /* MobileDataListViewModel.swift in Sources */ = {isa = PBXBuildFile; fileRef = A4FF441921C5FE7C00936983 /* MobileDataListViewModel.swift */; };
		A4FF441D21C5FF0B00936983 /* Observable.swift in Sources */ = {isa = PBXBuildFile; fileRef = A4FF441C21C5FF0B00936983 /* Observable.swift */; };
		A4FF442021C5FFFC00936983 /* DataServices.swift in Sources */ = {isa = PBXBuildFile; fileRef = A4FF441F21C5FFFC00936983 /* DataServices.swift */; };
		A4FF442C21C6099A00936983 /* CellRepresentable.swift in Sources */ = {isa = PBXBuildFile; fileRef = A4FF442B21C6099A00936983 /* CellRepresentable.swift */; };
		A4FF442E21C611CC00936983 /* MobileDataCellViewModel.swift in Sources */ = {isa = PBXBuildFile; fileRef = A4FF442D21C611CC00936983 /* MobileDataCellViewModel.swift */; };
		A4FF443421C6128800936983 /* MobileDataTableViewCell.swift in Sources */ = {isa = PBXBuildFile; fileRef = A4FF443221C6128800936983 /* MobileDataTableViewCell.swift */; };
		A4FF443521C6128800936983 /* MobileDataTableViewCell.xib in Resources */ = {isa = PBXBuildFile; fileRef = A4FF443321C6128800936983 /* MobileDataTableViewCell.xib */; };
		CBAFC4F021C78D700016A5A8 /* APIServiceTest.swift in Sources */ = {isa = PBXBuildFile; fileRef = CBAFC4EF21C78D700016A5A8 /* APIServiceTest.swift */; };
		CBAFC4F521C89B080016A5A8 /* ActionProtocol.swift in Sources */ = {isa = PBXBuildFile; fileRef = CBAFC4F421C89B080016A5A8 /* ActionProtocol.swift */; };
		FE2E193D082DF6B144A8C361 /* Pods_DataSetApp.framework in Frameworks */ = {isa = PBXBuildFile; fileRef = D9CB841C49CB148C5275186E /* Pods_DataSetApp.framework */; };
/* End PBXBuildFile section */

/* Begin PBXContainerItemProxy section */
		A4FF440621C4D4C500936983 /* PBXContainerItemProxy */ = {
			isa = PBXContainerItemProxy;
			containerPortal = A4FF43E921C4D4C400936983 /* Project object */;
			proxyType = 1;
			remoteGlobalIDString = A4FF43F021C4D4C400936983;
			remoteInfo = DataSetApp;
		};
/* End PBXContainerItemProxy section */

/* Begin PBXFileReference section */
		49EA5EA5875246E32C9ABF3B /* Pods_DataSetAppTests.framework */ = {isa = PBXFileReference; explicitFileType = wrapper.framework; includeInIndex = 0; path = Pods_DataSetAppTests.framework; sourceTree = BUILT_PRODUCTS_DIR; };
		57FE74A6623E8A3AE8244740 /* Pods-DataSetAppTests.release.xcconfig */ = {isa = PBXFileReference; includeInIndex = 1; lastKnownFileType = text.xcconfig; name = "Pods-DataSetAppTests.release.xcconfig"; path = "Pods/Target Support Files/Pods-DataSetAppTests/Pods-DataSetAppTests.release.xcconfig"; sourceTree = "<group>"; };
		6ADF1DC229DE8726B8974847 /* Pods-DataSetApp.debug.xcconfig */ = {isa = PBXFileReference; includeInIndex = 1; lastKnownFileType = text.xcconfig; name = "Pods-DataSetApp.debug.xcconfig"; path = "Pods/Target Support Files/Pods-DataSetApp/Pods-DataSetApp.debug.xcconfig"; sourceTree = "<group>"; };
		952EB10F23570C8551B65189 /* Pods-DataSetApp.release.xcconfig */ = {isa = PBXFileReference; includeInIndex = 1; lastKnownFileType = text.xcconfig; name = "Pods-DataSetApp.release.xcconfig"; path = "Pods/Target Support Files/Pods-DataSetApp/Pods-DataSetApp.release.xcconfig"; sourceTree = "<group>"; };
		A0A3151A6544AAFBF7462DE7 /* Pods-DataSetAppTests.debug.xcconfig */ = {isa = PBXFileReference; includeInIndex = 1; lastKnownFileType = text.xcconfig; name = "Pods-DataSetAppTests.debug.xcconfig"; path = "Pods/Target Support Files/Pods-DataSetAppTests/Pods-DataSetAppTests.debug.xcconfig"; sourceTree = "<group>"; };
		A4C15EA421C618FD003D539B /* SPHResponseModelFields.swift */ = {isa = PBXFileReference; fileEncoding = 4; lastKnownFileType = sourcecode.swift; path = SPHResponseModelFields.swift; sourceTree = "<group>"; };
		A4C15EA521C618FD003D539B /* SPHResponseModelRecords.swift */ = {isa = PBXFileReference; fileEncoding = 4; lastKnownFileType = sourcecode.swift; path = SPHResponseModelRecords.swift; sourceTree = "<group>"; };
		A4C15EA621C618FE003D539B /* SPHResponseModelResult.swift */ = {isa = PBXFileReference; fileEncoding = 4; lastKnownFileType = sourcecode.swift; path = SPHResponseModelResult.swift; sourceTree = "<group>"; };
		A4C15EA721C618FE003D539B /* SPHResponseModelBase.swift */ = {isa = PBXFileReference; fileEncoding = 4; lastKnownFileType = sourcecode.swift; path = SPHResponseModelBase.swift; sourceTree = "<group>"; };
		A4C15EA821C618FE003D539B /* SPHResponseModelLinks.swift */ = {isa = PBXFileReference; fileEncoding = 4; lastKnownFileType = sourcecode.swift; path = SPHResponseModelLinks.swift; sourceTree = "<group>"; };
		A4C15EB121C727CE003D539B /* SPHMobileDataYearlyModel.swift */ = {isa = PBXFileReference; lastKnownFileType = sourcecode.swift; path = SPHMobileDataYearlyModel.swift; sourceTree = "<group>"; };
		A4C15EB321C7322F003D539B /* MobileDataYearlyCellViewModel.swift */ = {isa = PBXFileReference; lastKnownFileType = sourcecode.swift; path = MobileDataYearlyCellViewModel.swift; sourceTree = "<group>"; };
		A4C15EB721C73322003D539B /* SPHYearlyTableViewCell.swift */ = {isa = PBXFileReference; lastKnownFileType = sourcecode.swift; path = SPHYearlyTableViewCell.swift; sourceTree = "<group>"; };
		A4C15EB821C73322003D539B /* SPHYearlyTableViewCell.xib */ = {isa = PBXFileReference; lastKnownFileType = file.xib; path = SPHYearlyTableViewCell.xib; sourceTree = "<group>"; };
		A4FF43F121C4D4C400936983 /* DataSetApp.app */ = {isa = PBXFileReference; explicitFileType = wrapper.application; includeInIndex = 0; path = DataSetApp.app; sourceTree = BUILT_PRODUCTS_DIR; };
		A4FF43F421C4D4C400936983 /* AppDelegate.swift */ = {isa = PBXFileReference; lastKnownFileType = sourcecode.swift; path = AppDelegate.swift; sourceTree = "<group>"; };
		A4FF43F621C4D4C400936983 /* ViewController.swift */ = {isa = PBXFileReference; lastKnownFileType = sourcecode.swift; path = ViewController.swift; sourceTree = "<group>"; };
		A4FF43F921C4D4C400936983 /* Base */ = {isa = PBXFileReference; lastKnownFileType = file.storyboard; name = Base; path = Base.lproj/Main.storyboard; sourceTree = "<group>"; };
		A4FF43FB21C4D4C500936983 /* Assets.xcassets */ = {isa = PBXFileReference; lastKnownFileType = folder.assetcatalog; path = Assets.xcassets; sourceTree = "<group>"; };
		A4FF43FE21C4D4C500936983 /* Base */ = {isa = PBXFileReference; lastKnownFileType = file.storyboard; name = Base; path = Base.lproj/LaunchScreen.storyboard; sourceTree = "<group>"; };
		A4FF440021C4D4C500936983 /* Info.plist */ = {isa = PBXFileReference; lastKnownFileType = text.plist.xml; path = Info.plist; sourceTree = "<group>"; };
		A4FF440521C4D4C500936983 /* DataSetAppTests.xctest */ = {isa = PBXFileReference; explicitFileType = wrapper.cfbundle; includeInIndex = 0; path = DataSetAppTests.xctest; sourceTree = BUILT_PRODUCTS_DIR; };
		A4FF440B21C4D4C500936983 /* Info.plist */ = {isa = PBXFileReference; lastKnownFileType = text.plist.xml; path = Info.plist; sourceTree = "<group>"; };
		A4FF441921C5FE7C00936983 /* MobileDataListViewModel.swift */ = {isa = PBXFileReference; lastKnownFileType = sourcecode.swift; path = MobileDataListViewModel.swift; sourceTree = "<group>"; };
		A4FF441C21C5FF0B00936983 /* Observable.swift */ = {isa = PBXFileReference; lastKnownFileType = sourcecode.swift; path = Observable.swift; sourceTree = "<group>"; };
		A4FF441F21C5FFFC00936983 /* DataServices.swift */ = {isa = PBXFileReference; lastKnownFileType = sourcecode.swift; path = DataServices.swift; sourceTree = "<group>"; };
		A4FF442B21C6099A00936983 /* CellRepresentable.swift */ = {isa = PBXFileReference; lastKnownFileType = sourcecode.swift; path = CellRepresentable.swift; sourceTree = "<group>"; };
		A4FF442D21C611CC00936983 /* MobileDataCellViewModel.swift */ = {isa = PBXFileReference; lastKnownFileType = sourcecode.swift; path = MobileDataCellViewModel.swift; sourceTree = "<group>"; };
		A4FF443221C6128800936983 /* MobileDataTableViewCell.swift */ = {isa = PBXFileReference; lastKnownFileType = sourcecode.swift; path = MobileDataTableViewCell.swift; sourceTree = "<group>"; };
		A4FF443321C6128800936983 /* MobileDataTableViewCell.xib */ = {isa = PBXFileReference; lastKnownFileType = file.xib; path = MobileDataTableViewCell.xib; sourceTree = "<group>"; };
		CBAFC4EF21C78D700016A5A8 /* APIServiceTest.swift */ = {isa = PBXFileReference; lastKnownFileType = sourcecode.swift; path = APIServiceTest.swift; sourceTree = "<group>"; };
		CBAFC4F421C89B080016A5A8 /* ActionProtocol.swift */ = {isa = PBXFileReference; lastKnownFileType = sourcecode.swift; path = ActionProtocol.swift; sourceTree = "<group>"; };
		D9CB841C49CB148C5275186E /* Pods_DataSetApp.framework */ = {isa = PBXFileReference; explicitFileType = wrapper.framework; includeInIndex = 0; path = Pods_DataSetApp.framework; sourceTree = BUILT_PRODUCTS_DIR; };
/* End PBXFileReference section */

/* Begin PBXFrameworksBuildPhase section */
		A4FF43EE21C4D4C400936983 /* Frameworks */ = {
			isa = PBXFrameworksBuildPhase;
			buildActionMask = 2147483647;
			files = (
				FE2E193D082DF6B144A8C361 /* Pods_DataSetApp.framework in Frameworks */,
			);
			runOnlyForDeploymentPostprocessing = 0;
		};
		A4FF440221C4D4C500936983 /* Frameworks */ = {
			isa = PBXFrameworksBuildPhase;
			buildActionMask = 2147483647;
			files = (
				06D0A1B7691156C9FB52999C /* Pods_DataSetAppTests.framework in Frameworks */,
			);
			runOnlyForDeploymentPostprocessing = 0;
		};
/* End PBXFrameworksBuildPhase section */

/* Begin PBXGroup section */
		02C71C5CC6FDD60B02B3716F /* Pods */ = {
			isa = PBXGroup;
			children = (
				6ADF1DC229DE8726B8974847 /* Pods-DataSetApp.debug.xcconfig */,
				952EB10F23570C8551B65189 /* Pods-DataSetApp.release.xcconfig */,
				A0A3151A6544AAFBF7462DE7 /* Pods-DataSetAppTests.debug.xcconfig */,
				57FE74A6623E8A3AE8244740 /* Pods-DataSetAppTests.release.xcconfig */,
			);
			name = Pods;
			sourceTree = "<group>";
		};
		04BFD5BE2CF1BC5CAD4AF125 /* Frameworks */ = {
			isa = PBXGroup;
			children = (
				D9CB841C49CB148C5275186E /* Pods_DataSetApp.framework */,
				49EA5EA5875246E32C9ABF3B /* Pods_DataSetAppTests.framework */,
			);
			name = Frameworks;
			sourceTree = "<group>";
		};
		A4C15EAE21C64783003D539B /* TableViewCell */ = {
			isa = PBXGroup;
			children = (
				A4C15EB621C732E0003D539B /* YearlyCell */,
				A4C15EB521C732D2003D539B /* QuarterlyCell */,
			);
			path = TableViewCell;
			sourceTree = "<group>";
		};
		A4C15EAF21C64994003D539B /* Storyboards */ = {
			isa = PBXGroup;
			children = (
				A4FF43FD21C4D4C500936983 /* LaunchScreen.storyboard */,
				A4FF43F821C4D4C400936983 /* Main.storyboard */,
			);
			path = Storyboards;
			sourceTree = "<group>";
		};
		A4C15EB021C649C3003D539B /* Observer */ = {
			isa = PBXGroup;
			children = (
				A4FF441C21C5FF0B00936983 /* Observable.swift */,
			);
			path = Observer;
			sourceTree = "<group>";
		};
		A4C15EB521C732D2003D539B /* QuarterlyCell */ = {
			isa = PBXGroup;
			children = (
				A4FF443221C6128800936983 /* MobileDataTableViewCell.swift */,
				A4FF443321C6128800936983 /* MobileDataTableViewCell.xib */,
			);
			path = QuarterlyCell;
			sourceTree = "<group>";
		};
		A4C15EB621C732E0003D539B /* YearlyCell */ = {
			isa = PBXGroup;
			children = (
				A4C15EB721C73322003D539B /* SPHYearlyTableViewCell.swift */,
				A4C15EB821C73322003D539B /* SPHYearlyTableViewCell.xib */,
			);
			path = YearlyCell;
			sourceTree = "<group>";
		};
		A4FF43E821C4D4C400936983 = {
			isa = PBXGroup;
			children = (
				A4FF43F321C4D4C400936983 /* DataSetApp */,
				A4FF440821C4D4C500936983 /* DataSetAppTests */,
				A4FF43F221C4D4C400936983 /* Products */,
				02C71C5CC6FDD60B02B3716F /* Pods */,
				04BFD5BE2CF1BC5CAD4AF125 /* Frameworks */,
			);
			sourceTree = "<group>";
		};
		A4FF43F221C4D4C400936983 /* Products */ = {
			isa = PBXGroup;
			children = (
				A4FF43F121C4D4C400936983 /* DataSetApp.app */,
				A4FF440521C4D4C500936983 /* DataSetAppTests.xctest */,
			);
			name = Products;
			sourceTree = "<group>";
		};
		A4FF43F321C4D4C400936983 /* DataSetApp */ = {
			isa = PBXGroup;
			children = (
				A4FF441421C4D6FA00936983 /* AppDelegate */,
				A4FF441521C4D70E00936983 /* Controllers */,
				A4FF442121C6033300936983 /* Models */,
				A4FF441621C4D72A00936983 /* Resources */,
				A4FF441E21C5FFE000936983 /* Services */,
				A4FF441B21C5FED100936983 /* Helpers */,
				A4FF441721C4D74600936983 /* ViewModels */,
				A4FF441821C4D74F00936983 /* Views */,
			);
			path = DataSetApp;
			sourceTree = "<group>";
		};
		A4FF440821C4D4C500936983 /* DataSetAppTests */ = {
			isa = PBXGroup;
			children = (
				A4FF440B21C4D4C500936983 /* Info.plist */,
				CBAFC4EF21C78D700016A5A8 /* APIServiceTest.swift */,
			);
			path = DataSetAppTests;
			sourceTree = "<group>";
		};
		A4FF441421C4D6FA00936983 /* AppDelegate */ = {
			isa = PBXGroup;
			children = (
				A4FF43F421C4D4C400936983 /* AppDelegate.swift */,
			);
			path = AppDelegate;
			sourceTree = "<group>";
		};
		A4FF441521C4D70E00936983 /* Controllers */ = {
			isa = PBXGroup;
			children = (
				A4FF43F621C4D4C400936983 /* ViewController.swift */,
			);
			path = Controllers;
			sourceTree = "<group>";
		};
		A4FF441621C4D72A00936983 /* Resources */ = {
			isa = PBXGroup;
			children = (
				A4FF440021C4D4C500936983 /* Info.plist */,
				A4FF43FB21C4D4C500936983 /* Assets.xcassets */,
			);
			path = Resources;
			sourceTree = "<group>";
		};
		A4FF441721C4D74600936983 /* ViewModels */ = {
			isa = PBXGroup;
			children = (
				A4FF442F21C611D300936983 /* CellViewModel */,
				A4FF441921C5FE7C00936983 /* MobileDataListViewModel.swift */,
			);
			path = ViewModels;
			sourceTree = "<group>";
		};
		A4FF441821C4D74F00936983 /* Views */ = {
			isa = PBXGroup;
			children = (
				A4C15EAF21C64994003D539B /* Storyboards */,
				A4C15EAE21C64783003D539B /* TableViewCell */,
			);
			path = Views;
			sourceTree = "<group>";
		};
		A4FF441B21C5FED100936983 /* Helpers */ = {
			isa = PBXGroup;
			children = (
				CBAFC4F321C89AF20016A5A8 /* ActionProtocol */,
				A4C15EB021C649C3003D539B /* Observer */,
				A4FF442A21C6098800936983 /* Protocols */,
			);
			path = Helpers;
			sourceTree = "<group>";
		};
		A4FF441E21C5FFE000936983 /* Services */ = {
			isa = PBXGroup;
			children = (
				A4FF441F21C5FFFC00936983 /* DataServices.swift */,
			);
			path = Services;
			sourceTree = "<group>";
		};
		A4FF442121C6033300936983 /* Models */ = {
			isa = PBXGroup;
			children = (
				A4C15EB121C727CE003D539B /* SPHMobileDataYearlyModel.swift */,
				A4C15EA721C618FE003D539B /* SPHResponseModelBase.swift */,
				A4C15EA421C618FD003D539B /* SPHResponseModelFields.swift */,
				A4C15EA821C618FE003D539B /* SPHResponseModelLinks.swift */,
				A4C15EA521C618FD003D539B /* SPHResponseModelRecords.swift */,
				A4C15EA621C618FE003D539B /* SPHResponseModelResult.swift */,
			);
			path = Models;
			sourceTree = "<group>";
		};
		A4FF442A21C6098800936983 /* Protocols */ = {
			isa = PBXGroup;
			children = (
				A4FF442B21C6099A00936983 /* CellRepresentable.swift */,
			);
			path = Protocols;
			sourceTree = "<group>";
		};
		A4FF442F21C611D300936983 /* CellViewModel */ = {
			isa = PBXGroup;
			children = (
				A4FF442D21C611CC00936983 /* MobileDataCellViewModel.swift */,
				A4C15EB321C7322F003D539B /* MobileDataYearlyCellViewModel.swift */,
			);
			path = CellViewModel;
			sourceTree = "<group>";
		};
		CBAFC4F321C89AF20016A5A8 /* ActionProtocol */ = {
			isa = PBXGroup;
			children = (
				CBAFC4F421C89B080016A5A8 /* ActionProtocol.swift */,
			);
			path = ActionProtocol;
			sourceTree = "<group>";
		};
/* End PBXGroup section */

/* Begin PBXNativeTarget section */
		A4FF43F021C4D4C400936983 /* DataSetApp */ = {
			isa = PBXNativeTarget;
			buildConfigurationList = A4FF440E21C4D4C500936983 /* Build configuration list for PBXNativeTarget "DataSetApp" */;
			buildPhases = (
				F98EBF15282DD6FA16284B4A /* [CP] Check Pods Manifest.lock */,
				A4FF43ED21C4D4C400936983 /* Sources */,
				A4FF43EE21C4D4C400936983 /* Frameworks */,
				A4FF43EF21C4D4C400936983 /* Resources */,
				A46BDAE211726FA8C69D05A1 /* [CP] Embed Pods Frameworks */,
			);
			buildRules = (
			);
			dependencies = (
			);
			name = DataSetApp;
			productName = DataSetApp;
			productReference = A4FF43F121C4D4C400936983 /* DataSetApp.app */;
			productType = "com.apple.product-type.application";
		};
		A4FF440421C4D4C500936983 /* DataSetAppTests */ = {
			isa = PBXNativeTarget;
			buildConfigurationList = A4FF441121C4D4C500936983 /* Build configuration list for PBXNativeTarget "DataSetAppTests" */;
			buildPhases = (
				37C297168C48684990BD78ED /* [CP] Check Pods Manifest.lock */,
				A4FF440121C4D4C500936983 /* Sources */,
				A4FF440221C4D4C500936983 /* Frameworks */,
				A4FF440321C4D4C500936983 /* Resources */,
			);
			buildRules = (
			);
			dependencies = (
				A4FF440721C4D4C500936983 /* PBXTargetDependency */,
			);
			name = DataSetAppTests;
			productName = DataSetAppTests;
			productReference = A4FF440521C4D4C500936983 /* DataSetAppTests.xctest */;
			productType = "com.apple.product-type.bundle.unit-test";
		};
/* End PBXNativeTarget section */

/* Begin PBXProject section */
		A4FF43E921C4D4C400936983 /* Project object */ = {
			isa = PBXProject;
			attributes = {
				CLASSPREFIX = SPH;
				LastSwiftUpdateCheck = 1010;
				LastUpgradeCheck = 1010;
				ORGANIZATIONNAME = SPHTech;
				TargetAttributes = {
					A4FF43F021C4D4C400936983 = {
						CreatedOnToolsVersion = 10.1;
						ProvisioningStyle = Automatic;
					};
					A4FF440421C4D4C500936983 = {
						CreatedOnToolsVersion = 10.1;
						ProvisioningStyle = Automatic;
						TestTargetID = A4FF43F021C4D4C400936983;
					};
				};
			};
			buildConfigurationList = A4FF43EC21C4D4C400936983 /* Build configuration list for PBXProject "DataSetApp" */;
			compatibilityVersion = "Xcode 8.0";
			developmentRegion = en;
			hasScannedForEncodings = 0;
			knownRegions = (
				en,
				Base,
			);
			mainGroup = A4FF43E821C4D4C400936983;
			productRefGroup = A4FF43F221C4D4C400936983 /* Products */;
			projectDirPath = "";
			projectRoot = "";
			targets = (
				A4FF43F021C4D4C400936983 /* DataSetApp */,
				A4FF440421C4D4C500936983 /* DataSetAppTests */,
			);
		};
/* End PBXProject section */

/* Begin PBXResourcesBuildPhase section */
		A4FF43EF21C4D4C400936983 /* Resources */ = {
			isa = PBXResourcesBuildPhase;
			buildActionMask = 2147483647;
			files = (
				A4C15EBA21C73322003D539B /* SPHYearlyTableViewCell.xib in Resources */,
				A4FF43FF21C4D4C500936983 /* LaunchScreen.storyboard in Resources */,
				A4FF443521C6128800936983 /* MobileDataTableViewCell.xib in Resources */,
				A4FF43FC21C4D4C500936983 /* Assets.xcassets in Resources */,
				A4FF43FA21C4D4C400936983 /* Main.storyboard in Resources */,
			);
			runOnlyForDeploymentPostprocessing = 0;
		};
		A4FF440321C4D4C500936983 /* Resources */ = {
			isa = PBXResourcesBuildPhase;
			buildActionMask = 2147483647;
			files = (
			);
			runOnlyForDeploymentPostprocessing = 0;
		};
/* End PBXResourcesBuildPhase section */

/* Begin PBXShellScriptBuildPhase section */
		37C297168C48684990BD78ED /* [CP] Check Pods Manifest.lock */ = {
			isa = PBXShellScriptBuildPhase;
			buildActionMask = 2147483647;
			files = (
			);
			inputPaths = (
				"${PODS_PODFILE_DIR_PATH}/Podfile.lock",
				"${PODS_ROOT}/Manifest.lock",
			);
			name = "[CP] Check Pods Manifest.lock";
			outputPaths = (
				"$(DERIVED_FILE_DIR)/Pods-DataSetAppTests-checkManifestLockResult.txt",
			);
			runOnlyForDeploymentPostprocessing = 0;
			shellPath = /bin/sh;
			shellScript = "diff \"${PODS_PODFILE_DIR_PATH}/Podfile.lock\" \"${PODS_ROOT}/Manifest.lock\" > /dev/null\nif [ $? != 0 ] ; then\n    # print error to STDERR\n    echo \"error: The sandbox is not in sync with the Podfile.lock. Run 'pod install' or update your CocoaPods installation.\" >&2\n    exit 1\nfi\n# This output is used by Xcode 'outputs' to avoid re-running this script phase.\necho \"SUCCESS\" > \"${SCRIPT_OUTPUT_FILE_0}\"\n";
			showEnvVarsInLog = 0;
		};
		A46BDAE211726FA8C69D05A1 /* [CP] Embed Pods Frameworks */ = {
			isa = PBXShellScriptBuildPhase;
			buildActionMask = 2147483647;
			files = (
			);
			inputPaths = (
				"${SRCROOT}/Pods/Target Support Files/Pods-DataSetApp/Pods-DataSetApp-frameworks.sh",
				"${BUILT_PRODUCTS_DIR}/Alamofire/Alamofire.framework",
				"${BUILT_PRODUCTS_DIR}/Realm/Realm.framework",
				"${BUILT_PRODUCTS_DIR}/RealmSwift/RealmSwift.framework",
				"${BUILT_PRODUCTS_DIR}/SwiftyJSON/SwiftyJSON.framework",
			);
			name = "[CP] Embed Pods Frameworks";
			outputPaths = (
				"${TARGET_BUILD_DIR}/${FRAMEWORKS_FOLDER_PATH}/Alamofire.framework",
				"${TARGET_BUILD_DIR}/${FRAMEWORKS_FOLDER_PATH}/Realm.framework",
				"${TARGET_BUILD_DIR}/${FRAMEWORKS_FOLDER_PATH}/RealmSwift.framework",
				"${TARGET_BUILD_DIR}/${FRAMEWORKS_FOLDER_PATH}/SwiftyJSON.framework",
			);
			runOnlyForDeploymentPostprocessing = 0;
			shellPath = /bin/sh;
			shellScript = "\"${SRCROOT}/Pods/Target Support Files/Pods-DataSetApp/Pods-DataSetApp-frameworks.sh\"\n";
			showEnvVarsInLog = 0;
		};
		F98EBF15282DD6FA16284B4A /* [CP] Check Pods Manifest.lock */ = {
			isa = PBXShellScriptBuildPhase;
			buildActionMask = 2147483647;
			files = (
			);
			inputPaths = (
				"${PODS_PODFILE_DIR_PATH}/Podfile.lock",
				"${PODS_ROOT}/Manifest.lock",
			);
			name = "[CP] Check Pods Manifest.lock";
			outputPaths = (
				"$(DERIVED_FILE_DIR)/Pods-DataSetApp-checkManifestLockResult.txt",
			);
			runOnlyForDeploymentPostprocessing = 0;
			shellPath = /bin/sh;
			shellScript = "diff \"${PODS_PODFILE_DIR_PATH}/Podfile.lock\" \"${PODS_ROOT}/Manifest.lock\" > /dev/null\nif [ $? != 0 ] ; then\n    # print error to STDERR\n    echo \"error: The sandbox is not in sync with the Podfile.lock. Run 'pod install' or update your CocoaPods installation.\" >&2\n    exit 1\nfi\n# This output is used by Xcode 'outputs' to avoid re-running this script phase.\necho \"SUCCESS\" > \"${SCRIPT_OUTPUT_FILE_0}\"\n";
			showEnvVarsInLog = 0;
		};
/* End PBXShellScriptBuildPhase section */

/* Begin PBXSourcesBuildPhase section */
		A4FF43ED21C4D4C400936983 /* Sources */ = {
			isa = PBXSourcesBuildPhase;
			buildActionMask = 2147483647;
			files = (
				A4FF442021C5FFFC00936983 /* DataServices.swift in Sources */,
				A4FF443421C6128800936983 /* MobileDataTableViewCell.swift in Sources */,
				CBAFC4F521C89B080016A5A8 /* ActionProtocol.swift in Sources */,
				A4FF441D21C5FF0B00936983 /* Observable.swift in Sources */,
				A4C15EAB21C618FE003D539B /* SPHResponseModelResult.swift in Sources */,
				A4C15EB421C7322F003D539B /* MobileDataYearlyCellViewModel.swift in Sources */,
				A4C15EAD21C618FE003D539B /* SPHResponseModelLinks.swift in Sources */,
				A4FF442C21C6099A00936983 /* CellRepresentable.swift in Sources */,
				A4C15EB221C727CE003D539B /* SPHMobileDataYearlyModel.swift in Sources */,
				A4FF43F721C4D4C400936983 /* ViewController.swift in Sources */,
				A4C15EAA21C618FE003D539B /* SPHResponseModelRecords.swift in Sources */,
				A4FF43F521C4D4C400936983 /* AppDelegate.swift in Sources */,
				A4C15EB921C73322003D539B /* SPHYearlyTableViewCell.swift in Sources */,
				A4FF441A21C5FE7C00936983 /* MobileDataListViewModel.swift in Sources */,
				A4FF442E21C611CC00936983 /* MobileDataCellViewModel.swift in Sources */,
				A4C15EA921C618FE003D539B /* SPHResponseModelFields.swift in Sources */,
				A4C15EAC21C618FE003D539B /* SPHResponseModelBase.swift in Sources */,
			);
			runOnlyForDeploymentPostprocessing = 0;
		};
		A4FF440121C4D4C500936983 /* Sources */ = {
			isa = PBXSourcesBuildPhase;
			buildActionMask = 2147483647;
			files = (
				CBAFC4F021C78D700016A5A8 /* APIServiceTest.swift in Sources */,
			);
			runOnlyForDeploymentPostprocessing = 0;
		};
/* End PBXSourcesBuildPhase section */

/* Begin PBXTargetDependency section */
		A4FF440721C4D4C500936983 /* PBXTargetDependency */ = {
			isa = PBXTargetDependency;
			target = A4FF43F021C4D4C400936983 /* DataSetApp */;
			targetProxy = A4FF440621C4D4C500936983 /* PBXContainerItemProxy */;
		};
/* End PBXTargetDependency section */

/* Begin PBXVariantGroup section */
		A4FF43F821C4D4C400936983 /* Main.storyboard */ = {
			isa = PBXVariantGroup;
			children = (
				A4FF43F921C4D4C400936983 /* Base */,
			);
			name = Main.storyboard;
			sourceTree = "<group>";
		};
		A4FF43FD21C4D4C500936983 /* LaunchScreen.storyboard */ = {
			isa = PBXVariantGroup;
			children = (
				A4FF43FE21C4D4C500936983 /* Base */,
			);
			name = LaunchScreen.storyboard;
			sourceTree = "<group>";
		};
/* End PBXVariantGroup section */

/* Begin XCBuildConfiguration section */
		A4FF440C21C4D4C500936983 /* Debug */ = {
			isa = XCBuildConfiguration;
			buildSettings = {
				ALWAYS_SEARCH_USER_PATHS = NO;
				CLANG_ANALYZER_NONNULL = YES;
				CLANG_ANALYZER_NUMBER_OBJECT_CONVERSION = YES_AGGRESSIVE;
				CLANG_CXX_LANGUAGE_STANDARD = "gnu++14";
				CLANG_CXX_LIBRARY = "libc++";
				CLANG_ENABLE_MODULES = YES;
				CLANG_ENABLE_OBJC_ARC = YES;
				CLANG_ENABLE_OBJC_WEAK = YES;
				CLANG_WARN_BLOCK_CAPTURE_AUTORELEASING = YES;
				CLANG_WARN_BOOL_CONVERSION = YES;
				CLANG_WARN_COMMA = YES;
				CLANG_WARN_CONSTANT_CONVERSION = YES;
				CLANG_WARN_DEPRECATED_OBJC_IMPLEMENTATIONS = YES;
				CLANG_WARN_DIRECT_OBJC_ISA_USAGE = YES_ERROR;
				CLANG_WARN_DOCUMENTATION_COMMENTS = YES;
				CLANG_WARN_EMPTY_BODY = YES;
				CLANG_WARN_ENUM_CONVERSION = YES;
				CLANG_WARN_INFINITE_RECURSION = YES;
				CLANG_WARN_INT_CONVERSION = YES;
				CLANG_WARN_NON_LITERAL_NULL_CONVERSION = YES;
				CLANG_WARN_OBJC_IMPLICIT_RETAIN_SELF = YES;
				CLANG_WARN_OBJC_LITERAL_CONVERSION = YES;
				CLANG_WARN_OBJC_ROOT_CLASS = YES_ERROR;
				CLANG_WARN_RANGE_LOOP_ANALYSIS = YES;
				CLANG_WARN_STRICT_PROTOTYPES = YES;
				CLANG_WARN_SUSPICIOUS_MOVE = YES;
				CLANG_WARN_UNGUARDED_AVAILABILITY = YES_AGGRESSIVE;
				CLANG_WARN_UNREACHABLE_CODE = YES;
				CLANG_WARN__DUPLICATE_METHOD_MATCH = YES;
				CODE_SIGN_IDENTITY = "iPhone Developer";
				COPY_PHASE_STRIP = NO;
				DEBUG_INFORMATION_FORMAT = dwarf;
				ENABLE_STRICT_OBJC_MSGSEND = YES;
				ENABLE_TESTABILITY = YES;
				GCC_C_LANGUAGE_STANDARD = gnu11;
				GCC_DYNAMIC_NO_PIC = NO;
				GCC_NO_COMMON_BLOCKS = YES;
				GCC_OPTIMIZATION_LEVEL = 0;
				GCC_PREPROCESSOR_DEFINITIONS = (
					"DEBUG=1",
					"$(inherited)",
				);
				GCC_WARN_64_TO_32_BIT_CONVERSION = YES;
				GCC_WARN_ABOUT_RETURN_TYPE = YES_ERROR;
				GCC_WARN_UNDECLARED_SELECTOR = YES;
				GCC_WARN_UNINITIALIZED_AUTOS = YES_AGGRESSIVE;
				GCC_WARN_UNUSED_FUNCTION = YES;
				GCC_WARN_UNUSED_VARIABLE = YES;
				IPHONEOS_DEPLOYMENT_TARGET = 12.1;
				MTL_ENABLE_DEBUG_INFO = INCLUDE_SOURCE;
				MTL_FAST_MATH = YES;
				ONLY_ACTIVE_ARCH = YES;
				SDKROOT = iphoneos;
				SWIFT_ACTIVE_COMPILATION_CONDITIONS = DEBUG;
				SWIFT_OPTIMIZATION_LEVEL = "-Onone";
			};
			name = Debug;
		};
		A4FF440D21C4D4C500936983 /* Release */ = {
			isa = XCBuildConfiguration;
			buildSettings = {
				ALWAYS_SEARCH_USER_PATHS = NO;
				CLANG_ANALYZER_NONNULL = YES;
				CLANG_ANALYZER_NUMBER_OBJECT_CONVERSION = YES_AGGRESSIVE;
				CLANG_CXX_LANGUAGE_STANDARD = "gnu++14";
				CLANG_CXX_LIBRARY = "libc++";
				CLANG_ENABLE_MODULES = YES;
				CLANG_ENABLE_OBJC_ARC = YES;
				CLANG_ENABLE_OBJC_WEAK = YES;
				CLANG_WARN_BLOCK_CAPTURE_AUTORELEASING = YES;
				CLANG_WARN_BOOL_CONVERSION = YES;
				CLANG_WARN_COMMA = YES;
				CLANG_WARN_CONSTANT_CONVERSION = YES;
				CLANG_WARN_DEPRECATED_OBJC_IMPLEMENTATIONS = YES;
				CLANG_WARN_DIRECT_OBJC_ISA_USAGE = YES_ERROR;
				CLANG_WARN_DOCUMENTATION_COMMENTS = YES;
				CLANG_WARN_EMPTY_BODY = YES;
				CLANG_WARN_ENUM_CONVERSION = YES;
				CLANG_WARN_INFINITE_RECURSION = YES;
				CLANG_WARN_INT_CONVERSION = YES;
				CLANG_WARN_NON_LITERAL_NULL_CONVERSION = YES;
				CLANG_WARN_OBJC_IMPLICIT_RETAIN_SELF = YES;
				CLANG_WARN_OBJC_LITERAL_CONVERSION = YES;
				CLANG_WARN_OBJC_ROOT_CLASS = YES_ERROR;
				CLANG_WARN_RANGE_LOOP_ANALYSIS = YES;
				CLANG_WARN_STRICT_PROTOTYPES = YES;
				CLANG_WARN_SUSPICIOUS_MOVE = YES;
				CLANG_WARN_UNGUARDED_AVAILABILITY = YES_AGGRESSIVE;
				CLANG_WARN_UNREACHABLE_CODE = YES;
				CLANG_WARN__DUPLICATE_METHOD_MATCH = YES;
				CODE_SIGN_IDENTITY = "iPhone Developer";
				COPY_PHASE_STRIP = NO;
				DEBUG_INFORMATION_FORMAT = "dwarf-with-dsym";
				ENABLE_NS_ASSERTIONS = NO;
				ENABLE_STRICT_OBJC_MSGSEND = YES;
				GCC_C_LANGUAGE_STANDARD = gnu11;
				GCC_NO_COMMON_BLOCKS = YES;
				GCC_WARN_64_TO_32_BIT_CONVERSION = YES;
				GCC_WARN_ABOUT_RETURN_TYPE = YES_ERROR;
				GCC_WARN_UNDECLARED_SELECTOR = YES;
				GCC_WARN_UNINITIALIZED_AUTOS = YES_AGGRESSIVE;
				GCC_WARN_UNUSED_FUNCTION = YES;
				GCC_WARN_UNUSED_VARIABLE = YES;
				IPHONEOS_DEPLOYMENT_TARGET = 12.1;
				MTL_ENABLE_DEBUG_INFO = NO;
				MTL_FAST_MATH = YES;
				SDKROOT = iphoneos;
				SWIFT_COMPILATION_MODE = wholemodule;
				SWIFT_OPTIMIZATION_LEVEL = "-O";
				VALIDATE_PRODUCT = YES;
			};
			name = Release;
		};
		A4FF440F21C4D4C500936983 /* Debug */ = {
			isa = XCBuildConfiguration;
			baseConfigurationReference = 6ADF1DC229DE8726B8974847 /* Pods-DataSetApp.debug.xcconfig */;
			buildSettings = {
				ASSETCATALOG_COMPILER_APPICON_NAME = AppIcon;
				CODE_SIGN_STYLE = Automatic;
				DEVELOPMENT_TEAM = D4GDUVD762;
				INFOPLIST_FILE = DataSetApp/Resources/Info.plist;
				IPHONEOS_DEPLOYMENT_TARGET = 10.0;
				LD_RUNPATH_SEARCH_PATHS = "$(inherited) @executable_path/Frameworks";
				PRODUCT_BUNDLE_IDENTIFIER = com.sphtech.DataSetApp;
				PRODUCT_NAME = "$(TARGET_NAME)";
				SWIFT_VERSION = 4.2;
				TARGETED_DEVICE_FAMILY = "1,2";
			};
			name = Debug;
		};
		A4FF441021C4D4C500936983 /* Release */ = {
			isa = XCBuildConfiguration;
			baseConfigurationReference = 952EB10F23570C8551B65189 /* Pods-DataSetApp.release.xcconfig */;
			buildSettings = {
				ASSETCATALOG_COMPILER_APPICON_NAME = AppIcon;
				CODE_SIGN_STYLE = Automatic;
				DEVELOPMENT_TEAM = D4GDUVD762;
				INFOPLIST_FILE = DataSetApp/Resources/Info.plist;
				IPHONEOS_DEPLOYMENT_TARGET = 10.0;
				LD_RUNPATH_SEARCH_PATHS = "$(inherited) @executable_path/Frameworks";
				PRODUCT_BUNDLE_IDENTIFIER = com.sphtech.DataSetApp;
				PRODUCT_NAME = "$(TARGET_NAME)";
				SWIFT_VERSION = 4.2;
				TARGETED_DEVICE_FAMILY = "1,2";
			};
			name = Release;
		};
		A4FF441221C4D4C500936983 /* Debug */ = {
			isa = XCBuildConfiguration;
			baseConfigurationReference = A0A3151A6544AAFBF7462DE7 /* Pods-DataSetAppTests.debug.xcconfig */;
			buildSettings = {
				ALWAYS_EMBED_SWIFT_STANDARD_LIBRARIES = YES;
				BUNDLE_LOADER = "$(TEST_HOST)";
				CODE_SIGN_STYLE = Automatic;
				DEVELOPMENT_TEAM = D4GDUVD762;
				INFOPLIST_FILE = DataSetAppTests/Info.plist;
				IPHONEOS_DEPLOYMENT_TARGET = 11.2;
				LD_RUNPATH_SEARCH_PATHS = "$(inherited) @executable_path/Frameworks @loader_path/Frameworks";
				PRODUCT_BUNDLE_IDENTIFIER = com.sphtech.DataSetAppTests;
				PRODUCT_NAME = "$(TARGET_NAME)";
				SWIFT_VERSION = 4.2;
				TARGETED_DEVICE_FAMILY = "1,2";
				TEST_HOST = "$(BUILT_PRODUCTS_DIR)/DataSetApp.app/DataSetApp";
			};
			name = Debug;
		};
		A4FF441321C4D4C500936983 /* Release */ = {
			isa = XCBuildConfiguration;
			baseConfigurationReference = 57FE74A6623E8A3AE8244740 /* Pods-DataSetAppTests.release.xcconfig */;
			buildSettings = {
				ALWAYS_EMBED_SWIFT_STANDARD_LIBRARIES = YES;
				BUNDLE_LOADER = "$(TEST_HOST)";
				CODE_SIGN_STYLE = Automatic;
				DEVELOPMENT_TEAM = D4GDUVD762;
				INFOPLIST_FILE = DataSetAppTests/Info.plist;
				IPHONEOS_DEPLOYMENT_TARGET = 11.2;
				LD_RUNPATH_SEARCH_PATHS = "$(inherited) @executable_path/Frameworks @loader_path/Frameworks";
				PRODUCT_BUNDLE_IDENTIFIER = com.sphtech.DataSetAppTests;
				PRODUCT_NAME = "$(TARGET_NAME)";
				SWIFT_VERSION = 4.2;
				TARGETED_DEVICE_FAMILY = "1,2";
				TEST_HOST = "$(BUILT_PRODUCTS_DIR)/DataSetApp.app/DataSetApp";
			};
			name = Release;
		};
/* End XCBuildConfiguration section */

/* Begin XCConfigurationList section */
		A4FF43EC21C4D4C400936983 /* Build configuration list for PBXProject "DataSetApp" */ = {
			isa = XCConfigurationList;
			buildConfigurations = (
				A4FF440C21C4D4C500936983 /* Debug */,
				A4FF440D21C4D4C500936983 /* Release */,
			);
			defaultConfigurationIsVisible = 0;
			defaultConfigurationName = Release;
		};
		A4FF440E21C4D4C500936983 /* Build configuration list for PBXNativeTarget "DataSetApp" */ = {
			isa = XCConfigurationList;
			buildConfigurations = (
				A4FF440F21C4D4C500936983 /* Debug */,
				A4FF441021C4D4C500936983 /* Release */,
			);
			defaultConfigurationIsVisible = 0;
			defaultConfigurationName = Release;
		};
		A4FF441121C4D4C500936983 /* Build configuration list for PBXNativeTarget "DataSetAppTests" */ = {
			isa = XCConfigurationList;
			buildConfigurations = (
				A4FF441221C4D4C500936983 /* Debug */,
				A4FF441321C4D4C500936983 /* Release */,
			);
			defaultConfigurationIsVisible = 0;
			defaultConfigurationName = Release;
		};
/* End XCConfigurationList section */
	};
	rootObject = A4FF43E921C4D4C400936983 /* Project object */;
}
